// !$*UTF8*$!
{
	archiveVersion = 1;
	classes = {
	};
	objectVersion = 77;
	objects = {

/* Begin PBXBuildFile section */
		F61A00012D489021005E144D /* GroupManageViewController.swift in Sources */ = {isa = PBXBuildFile; fileRef = F61A00002D489021005E144D /* GroupManageViewController.swift */; };
		F61A00032D489044005E144D /* GroupTodoListViewController.swift in Sources */ = {isa = PBXBuildFile; fileRef = F61A00022D489044005E144D /* GroupTodoListViewController.swift */; };
		F61A00052D489089005E144D /* FamilyManageViewController.swift in Sources */ = {isa = PBXBuildFile; fileRef = F61A00042D489089005E144D /* FamilyManageViewController.swift */; };
		F61A00072D4890A8005E144D /* FamilyTodoListViewController.swift in Sources */ = {isa = PBXBuildFile; fileRef = F61A00062D4890A8005E144D /* FamilyTodoListViewController.swift */; };
		F61A00092D48DE18005E144D /* GroupTodoCreateViewController.swift in Sources */ = {isa = PBXBuildFile; fileRef = F61A00082D48DE18005E144D /* GroupTodoCreateViewController.swift */; };
		F61AFFD12D478383005E144D /* Assets.xcassets in Resources */ = {isa = PBXBuildFile; fileRef = F61AFFC82D478383005E144D /* Assets.xcassets */; };
		F61AFFD32D478383005E144D /* LaunchScreen.storyboard in Resources */ = {isa = PBXBuildFile; fileRef = F61AFFCB2D478383005E144D /* LaunchScreen.storyboard */; };
		F61AFFD42D478383005E144D /* Main.storyboard in Resources */ = {isa = PBXBuildFile; fileRef = F61AFFCD2D478383005E144D /* Main.storyboard */; };
		F61AFFD52D478383005E144D /* AppDelegate.swift in Sources */ = {isa = PBXBuildFile; fileRef = F61AFFC72D478383005E144D /* AppDelegate.swift */; };
		F61AFFD62D478383005E144D /* SceneDelegate.swift in Sources */ = {isa = PBXBuildFile; fileRef = F61AFFCE2D478383005E144D /* SceneDelegate.swift */; };
		F61AFFD72D478383005E144D /* ViewController.swift in Sources */ = {isa = PBXBuildFile; fileRef = F61AFFCF2D478383005E144D /* ViewController.swift */; };
		F61AFFDD2D47AF18005E144D /* UserRegisterViewController.swift in Sources */ = {isa = PBXBuildFile; fileRef = F61AFFDC2D47AF18005E144D /* UserRegisterViewController.swift */; };
		F61AFFDF2D47AF2A005E144D /* UserSignInViewController.swift in Sources */ = {isa = PBXBuildFile; fileRef = F61AFFDE2D47AF2A005E144D /* UserSignInViewController.swift */; };
		F61AFFE12D47AF36005E144D /* UserSignOutViewController.swift in Sources */ = {isa = PBXBuildFile; fileRef = F61AFFE02D47AF36005E144D /* UserSignOutViewController.swift */; };
		F61AFFE32D47B3BB005E144D /* UserInformationViewController.swift in Sources */ = {isa = PBXBuildFile; fileRef = F61AFFE22D47B3BB005E144D /* UserInformationViewController.swift */; };
		F61AFFE52D47B40B005E144D /* UserVerifyCodeViewController.swift in Sources */ = {isa = PBXBuildFile; fileRef = F61AFFE42D47B40B005E144D /* UserVerifyCodeViewController.swift */; };
		F61AFFED2D47B46E005E144D /* TodoListViewController.swift in Sources */ = {isa = PBXBuildFile; fileRef = F61AFFEC2D47B46E005E144D /* TodoListViewController.swift */; };
		F61AFFEF2D47B486005E144D /* TodoCreateViewController.swift in Sources */ = {isa = PBXBuildFile; fileRef = F61AFFEE2D47B486005E144D /* TodoCreateViewController.swift */; };
		F61AFFF12D47B4EC005E144D /* TodoUpdateViewController.swift in Sources */ = {isa = PBXBuildFile; fileRef = F61AFFF02D47B4EC005E144D /* TodoUpdateViewController.swift */; };
		F61AFFF72D47DE99005E144D /* TodoItemInProcessViewController.swift in Sources */ = {isa = PBXBuildFile; fileRef = F61AFFF62D47DE99005E144D /* TodoItemInProcessViewController.swift */; };
		F61AFFFB2D47DF84005E144D /* TodoItemForDoneViewController.swift in Sources */ = {isa = PBXBuildFile; fileRef = F61AFFFA2D47DF84005E144D /* TodoItemForDoneViewController.swift */; };
/* End PBXBuildFile section */

/* Begin PBXFileReference section */
		F61A00002D489021005E144D /* GroupManageViewController.swift */ = {isa = PBXFileReference; lastKnownFileType = sourcecode.swift; path = GroupManageViewController.swift; sourceTree = "<group>"; };
		F61A00022D489044005E144D /* GroupTodoListViewController.swift */ = {isa = PBXFileReference; lastKnownFileType = sourcecode.swift; path = GroupTodoListViewController.swift; sourceTree = "<group>"; };
		F61A00042D489089005E144D /* FamilyManageViewController.swift */ = {isa = PBXFileReference; lastKnownFileType = sourcecode.swift; path = FamilyManageViewController.swift; sourceTree = "<group>"; };
		F61A00062D4890A8005E144D /* FamilyTodoListViewController.swift */ = {isa = PBXFileReference; lastKnownFileType = sourcecode.swift; path = FamilyTodoListViewController.swift; sourceTree = "<group>"; };
		F61A00082D48DE18005E144D /* GroupTodoCreateViewController.swift */ = {isa = PBXFileReference; lastKnownFileType = sourcecode.swift; path = GroupTodoCreateViewController.swift; sourceTree = "<group>"; };
		F61AFF9F2D478154005E144D /* TodoList.app */ = {isa = PBXFileReference; explicitFileType = wrapper.application; includeInIndex = 0; path = TodoList.app; sourceTree = BUILT_PRODUCTS_DIR; };
		F61AFFC72D478383005E144D /* AppDelegate.swift */ = {isa = PBXFileReference; lastKnownFileType = sourcecode.swift; path = AppDelegate.swift; sourceTree = "<group>"; };
		F61AFFC82D478383005E144D /* Assets.xcassets */ = {isa = PBXFileReference; lastKnownFileType = folder.assetcatalog; path = Assets.xcassets; sourceTree = "<group>"; };
		F61AFFC92D478383005E144D /* Info.plist */ = {isa = PBXFileReference; lastKnownFileType = text.plist.xml; path = Info.plist; sourceTree = "<group>"; };
		F61AFFCA2D478383005E144D /* Base */ = {isa = PBXFileReference; lastKnownFileType = file.storyboard; name = Base; path = Base.lproj/LaunchScreen.storyboard; sourceTree = "<group>"; };
		F61AFFCC2D478383005E144D /* Base */ = {isa = PBXFileReference; lastKnownFileType = file.storyboard; name = Base; path = Base.lproj/Main.storyboard; sourceTree = "<group>"; };
		F61AFFCE2D478383005E144D /* SceneDelegate.swift */ = {isa = PBXFileReference; lastKnownFileType = sourcecode.swift; path = SceneDelegate.swift; sourceTree = "<group>"; };
		F61AFFCF2D478383005E144D /* ViewController.swift */ = {isa = PBXFileReference; lastKnownFileType = sourcecode.swift; path = ViewController.swift; sourceTree = "<group>"; };
		F61AFFDC2D47AF18005E144D /* UserRegisterViewController.swift */ = {isa = PBXFileReference; lastKnownFileType = sourcecode.swift; path = UserRegisterViewController.swift; sourceTree = "<group>"; };
		F61AFFDE2D47AF2A005E144D /* UserSignInViewController.swift */ = {isa = PBXFileReference; lastKnownFileType = sourcecode.swift; path = UserSignInViewController.swift; sourceTree = "<group>"; };
		F61AFFE02D47AF36005E144D /* UserSignOutViewController.swift */ = {isa = PBXFileReference; lastKnownFileType = sourcecode.swift; path = UserSignOutViewController.swift; sourceTree = "<group>"; };
		F61AFFE22D47B3BB005E144D /* UserInformationViewController.swift */ = {isa = PBXFileReference; lastKnownFileType = sourcecode.swift; path = UserInformationViewController.swift; sourceTree = "<group>"; };
		F61AFFE42D47B40B005E144D /* UserVerifyCodeViewController.swift */ = {isa = PBXFileReference; lastKnownFileType = sourcecode.swift; path = UserVerifyCodeViewController.swift; sourceTree = "<group>"; };
		F61AFFEC2D47B46E005E144D /* TodoListViewController.swift */ = {isa = PBXFileReference; lastKnownFileType = sourcecode.swift; path = TodoListViewController.swift; sourceTree = "<group>"; };
		F61AFFEE2D47B486005E144D /* TodoCreateViewController.swift */ = {isa = PBXFileReference; lastKnownFileType = sourcecode.swift; path = TodoCreateViewController.swift; sourceTree = "<group>"; };
		F61AFFF02D47B4EC005E144D /* TodoUpdateViewController.swift */ = {isa = PBXFileReference; lastKnownFileType = sourcecode.swift; path = TodoUpdateViewController.swift; sourceTree = "<group>"; };
		F61AFFF62D47DE99005E144D /* TodoItemInProcessViewController.swift */ = {isa = PBXFileReference; lastKnownFileType = sourcecode.swift; path = TodoItemInProcessViewController.swift; sourceTree = "<group>"; };
		F61AFFFA2D47DF84005E144D /* TodoItemForDoneViewController.swift */ = {isa = PBXFileReference; lastKnownFileType = sourcecode.swift; path = TodoItemForDoneViewController.swift; sourceTree = "<group>"; };
/* End PBXFileReference section */

/* Begin PBXFrameworksBuildPhase section */
		F61AFF9C2D478154005E144D /* Frameworks */ = {
			isa = PBXFrameworksBuildPhase;
			buildActionMask = 2147483647;
			files = (
			);
			runOnlyForDeploymentPostprocessing = 0;
		};
/* End PBXFrameworksBuildPhase section */

/* Begin PBXGroup section */
		F61AFF962D478154005E144D = {
			isa = PBXGroup;
			children = (
				F61AFFD02D478383005E144D /* TodoList */,
				F61AFFA02D478154005E144D /* Products */,
			);
			sourceTree = "<group>";
		};
		F61AFFA02D478154005E144D /* Products */ = {
			isa = PBXGroup;
			children = (
				F61AFF9F2D478154005E144D /* TodoList.app */,
			);
			name = Products;
			sourceTree = "<group>";
		};
		F61AFFD02D478383005E144D /* TodoList */ = {
			isa = PBXGroup;
			children = (
				F61AFFC72D478383005E144D /* AppDelegate.swift */,
				F61AFFC82D478383005E144D /* Assets.xcassets */,
				F61AFFC92D478383005E144D /* Info.plist */,
				F61AFFCB2D478383005E144D /* LaunchScreen.storyboard */,
				F61AFFCD2D478383005E144D /* Main.storyboard */,
				F61AFFCE2D478383005E144D /* SceneDelegate.swift */,
				F61AFFCF2D478383005E144D /* ViewController.swift */,
				F61AFFDC2D47AF18005E144D /* UserRegisterViewController.swift */,
				F61AFFDE2D47AF2A005E144D /* UserSignInViewController.swift */,
				F61AFFE02D47AF36005E144D /* UserSignOutViewController.swift */,
				F61AFFE22D47B3BB005E144D /* UserInformationViewController.swift */,
				F61AFFE42D47B40B005E144D /* UserVerifyCodeViewController.swift */,
				F61AFFEC2D47B46E005E144D /* TodoListViewController.swift */,
				F61AFFEE2D47B486005E144D /* TodoCreateViewController.swift */,
				F61AFFF02D47B4EC005E144D /* TodoUpdateViewController.swift */,
				F61AFFF62D47DE99005E144D /* TodoItemInProcessViewController.swift */,
				F61AFFFA2D47DF84005E144D /* TodoItemForDoneViewController.swift */,
				F61A00002D489021005E144D /* GroupManageViewController.swift */,
				F61A00022D489044005E144D /* GroupTodoListViewController.swift */,
				F61A00082D48DE18005E144D /* GroupTodoCreateViewController.swift */,
				F61A00042D489089005E144D /* FamilyManageViewController.swift */,
				F61A00062D4890A8005E144D /* FamilyTodoListViewController.swift */,
			);
			path = TodoList;
			sourceTree = "<group>";
		};
/* End PBXGroup section */

/* Begin PBXNativeTarget section */
		F61AFF9E2D478154005E144D /* TodoList */ = {
			isa = PBXNativeTarget;
			buildConfigurationList = F61AFFB22D478155005E144D /* Build configuration list for PBXNativeTarget "TodoList" */;
			buildPhases = (
				F61AFF9B2D478154005E144D /* Sources */,
				F61AFF9C2D478154005E144D /* Frameworks */,
				F61AFF9D2D478154005E144D /* Resources */,
			);
			buildRules = (
			);
			dependencies = (
			);
			name = TodoList;
			packageProductDependencies = (
			);
			productName = TodoList;
			productReference = F61AFF9F2D478154005E144D /* TodoList.app */;
			productType = "com.apple.product-type.application";
		};
/* End PBXNativeTarget section */

/* Begin PBXProject section */
		F61AFF972D478154005E144D /* Project object */ = {
			isa = PBXProject;
			attributes = {
				BuildIndependentTargetsInParallel = 1;
				LastSwiftUpdateCheck = 1620;
				LastUpgradeCheck = 1620;
				TargetAttributes = {
					F61AFF9E2D478154005E144D = {
						CreatedOnToolsVersion = 16.2;
					};
				};
			};
			buildConfigurationList = F61AFF9A2D478154005E144D /* Build configuration list for PBXProject "TodoList" */;
			developmentRegion = en;
			hasScannedForEncodings = 0;
			knownRegions = (
				en,
				Base,
			);
			mainGroup = F61AFF962D478154005E144D;
			minimizedProjectReferenceProxies = 1;
			preferredProjectObjectVersion = 77;
			productRefGroup = F61AFFA02D478154005E144D /* Products */;
			projectDirPath = "";
			projectRoot = "";
			targets = (
				F61AFF9E2D478154005E144D /* TodoList */,
			);
		};
/* End PBXProject section */

/* Begin PBXResourcesBuildPhase section */
		F61AFF9D2D478154005E144D /* Resources */ = {
			isa = PBXResourcesBuildPhase;
			buildActionMask = 2147483647;
			files = (
				F61AFFD12D478383005E144D /* Assets.xcassets in Resources */,
				F61AFFD32D478383005E144D /* LaunchScreen.storyboard in Resources */,
				F61AFFD42D478383005E144D /* Main.storyboard in Resources */,
			);
			runOnlyForDeploymentPostprocessing = 0;
		};
/* End PBXResourcesBuildPhase section */

/* Begin PBXSourcesBuildPhase section */
		F61AFF9B2D478154005E144D /* Sources */ = {
			isa = PBXSourcesBuildPhase;
			buildActionMask = 2147483647;
			files = (
				F61A00032D489044005E144D /* GroupTodoListViewController.swift in Sources */,
				F61AFFF12D47B4EC005E144D /* TodoUpdateViewController.swift in Sources */,
				F61AFFDD2D47AF18005E144D /* UserRegisterViewController.swift in Sources */,
				F61A00052D489089005E144D /* FamilyManageViewController.swift in Sources */,
				F61AFFE32D47B3BB005E144D /* UserInformationViewController.swift in Sources */,
				F61AFFDF2D47AF2A005E144D /* UserSignInViewController.swift in Sources */,
				F61AFFD52D478383005E144D /* AppDelegate.swift in Sources */,
				F61AFFEF2D47B486005E144D /* TodoCreateViewController.swift in Sources */,
				F61AFFE12D47AF36005E144D /* UserSignOutViewController.swift in Sources */,
				F61A00072D4890A8005E144D /* FamilyTodoListViewController.swift in Sources */,
				F61AFFD62D478383005E144D /* SceneDelegate.swift in Sources */,
				F61AFFED2D47B46E005E144D /* TodoListViewController.swift in Sources */,
				F61A00092D48DE18005E144D /* GroupTodoCreateViewController.swift in Sources */,
				F61AFFFB2D47DF84005E144D /* TodoItemForDoneViewController.swift in Sources */,
				F61AFFD72D478383005E144D /* ViewController.swift in Sources */,
				F61A00012D489021005E144D /* GroupManageViewController.swift in Sources */,
				F61AFFF72D47DE99005E144D /* TodoItemInProcessViewController.swift in Sources */,
				F61AFFE52D47B40B005E144D /* UserVerifyCodeViewController.swift in Sources */,
			);
			runOnlyForDeploymentPostprocessing = 0;
		};
/* End PBXSourcesBuildPhase section */

/* Begin PBXVariantGroup section */
		F61AFFCB2D478383005E144D /* LaunchScreen.storyboard */ = {
			isa = PBXVariantGroup;
			children = (
				F61AFFCA2D478383005E144D /* Base */,
			);
			name = LaunchScreen.storyboard;
			sourceTree = "<group>";
		};
		F61AFFCD2D478383005E144D /* Main.storyboard */ = {
			isa = PBXVariantGroup;
			children = (
				F61AFFCC2D478383005E144D /* Base */,
			);
			name = Main.storyboard;
			sourceTree = "<group>";
		};
/* End PBXVariantGroup section */

/* Begin XCBuildConfiguration section */
		F61AFFB32D478155005E144D /* Debug */ = {
			isa = XCBuildConfiguration;
			buildSettings = {
				ASSETCATALOG_COMPILER_APPICON_NAME = AppIcon;
				ASSETCATALOG_COMPILER_GLOBAL_ACCENT_COLOR_NAME = AccentColor;
				CODE_SIGN_STYLE = Automatic;
				CURRENT_PROJECT_VERSION = 1;
				DEVELOPMENT_TEAM = VZ8JQY42E8;
				GENERATE_INFOPLIST_FILE = YES;
				INFOPLIST_FILE = TodoList/Info.plist;
				INFOPLIST_KEY_UIApplicationSupportsIndirectInputEvents = YES;
				INFOPLIST_KEY_UILaunchStoryboardName = LaunchScreen;
				INFOPLIST_KEY_UIMainStoryboardFile = Main;
				INFOPLIST_KEY_UISupportedInterfaceOrientations_iPad = "UIInterfaceOrientationPortrait UIInterfaceOrientationPortraitUpsideDown UIInterfaceOrientationLandscapeLeft UIInterfaceOrientationLandscapeRight";
				INFOPLIST_KEY_UISupportedInterfaceOrientations_iPhone = "UIInterfaceOrientationPortrait UIInterfaceOrientationLandscapeLeft UIInterfaceOrientationLandscapeRight";
				LD_RUNPATH_SEARCH_PATHS = (
					"$(inherited)",
					"@executable_path/Frameworks",
				);
				MARKETING_VERSION = 1.0;
				PRODUCT_BUNDLE_IDENTIFIER = com.hueiderhuang.TodoList;
				PRODUCT_NAME = "$(TARGET_NAME)";
				SWIFT_EMIT_LOC_STRINGS = YES;
				SWIFT_VERSION = 5.0;
				TARGETED_DEVICE_FAMILY = "1,2";
			};
			name = Debug;
		};
		F61AFFB42D478155005E144D /* Release */ = {
			isa = XCBuildConfiguration;
			buildSettings = {
				ASSETCATALOG_COMPILER_APPICON_NAME = AppIcon;
				ASSETCATALOG_COMPILER_GLOBAL_ACCENT_COLOR_NAME = AccentColor;
				CODE_SIGN_STYLE = Automatic;
				CURRENT_PROJECT_VERSION = 1;
				DEVELOPMENT_TEAM = VZ8JQY42E8;
				GENERATE_INFOPLIST_FILE = YES;
				INFOPLIST_FILE = TodoList/Info.plist;
				INFOPLIST_KEY_UIApplicationSupportsIndirectInputEvents = YES;
				INFOPLIST_KEY_UILaunchStoryboardName = LaunchScreen;
				INFOPLIST_KEY_UIMainStoryboardFile = Main;
				INFOPLIST_KEY_UISupportedInterfaceOrientations_iPad = "UIInterfaceOrientationPortrait UIInterfaceOrientationPortraitUpsideDown UIInterfaceOrientationLandscapeLeft UIInterfaceOrientationLandscapeRight";
				INFOPLIST_KEY_UISupportedInterfaceOrientations_iPhone = "UIInterfaceOrientationPortrait UIInterfaceOrientationLandscapeLeft UIInterfaceOrientationLandscapeRight";
				LD_RUNPATH_SEARCH_PATHS = (
					"$(inherited)",
					"@executable_path/Frameworks",
				);
				MARKETING_VERSION = 1.0;
				PRODUCT_BUNDLE_IDENTIFIER = com.hueiderhuang.TodoList;
				PRODUCT_NAME = "$(TARGET_NAME)";
				SWIFT_EMIT_LOC_STRINGS = YES;
				SWIFT_VERSION = 5.0;
				TARGETED_DEVICE_FAMILY = "1,2";
			};
			name = Release;
		};
		F61AFFB52D478155005E144D /* Debug */ = {
			isa = XCBuildConfiguration;
			buildSettings = {
				ALWAYS_SEARCH_USER_PATHS = NO;
				ASSETCATALOG_COMPILER_GENERATE_SWIFT_ASSET_SYMBOL_EXTENSIONS = YES;
				CLANG_ANALYZER_NONNULL = YES;
				CLANG_ANALYZER_NUMBER_OBJECT_CONVERSION = YES_AGGRESSIVE;
				CLANG_CXX_LANGUAGE_STANDARD = "gnu++20";
				CLANG_ENABLE_MODULES = YES;
				CLANG_ENABLE_OBJC_ARC = YES;
				CLANG_ENABLE_OBJC_WEAK = YES;
				CLANG_WARN_BLOCK_CAPTURE_AUTORELEASING = YES;
				CLANG_WARN_BOOL_CONVERSION = YES;
				CLANG_WARN_COMMA = YES;
				CLANG_WARN_CONSTANT_CONVERSION = YES;
				CLANG_WARN_DEPRECATED_OBJC_IMPLEMENTATIONS = YES;
				CLANG_WARN_DIRECT_OBJC_ISA_USAGE = YES_ERROR;
				CLANG_WARN_DOCUMENTATION_COMMENTS = YES;
				CLANG_WARN_EMPTY_BODY = YES;
				CLANG_WARN_ENUM_CONVERSION = YES;
				CLANG_WARN_INFINITE_RECURSION = YES;
				CLANG_WARN_INT_CONVERSION = YES;
				CLANG_WARN_NON_LITERAL_NULL_CONVERSION = YES;
				CLANG_WARN_OBJC_IMPLICIT_RETAIN_SELF = YES;
				CLANG_WARN_OBJC_LITERAL_CONVERSION = YES;
				CLANG_WARN_OBJC_ROOT_CLASS = YES_ERROR;
				CLANG_WARN_QUOTED_INCLUDE_IN_FRAMEWORK_HEADER = YES;
				CLANG_WARN_RANGE_LOOP_ANALYSIS = YES;
				CLANG_WARN_STRICT_PROTOTYPES = YES;
				CLANG_WARN_SUSPICIOUS_MOVE = YES;
				CLANG_WARN_UNGUARDED_AVAILABILITY = YES_AGGRESSIVE;
				CLANG_WARN_UNREACHABLE_CODE = YES;
				CLANG_WARN__DUPLICATE_METHOD_MATCH = YES;
				COPY_PHASE_STRIP = NO;
				DEBUG_INFORMATION_FORMAT = dwarf;
				ENABLE_STRICT_OBJC_MSGSEND = YES;
				ENABLE_TESTABILITY = YES;
				ENABLE_USER_SCRIPT_SANDBOXING = YES;
				GCC_C_LANGUAGE_STANDARD = gnu17;
				GCC_DYNAMIC_NO_PIC = NO;
				GCC_NO_COMMON_BLOCKS = YES;
				GCC_OPTIMIZATION_LEVEL = 0;
				GCC_PREPROCESSOR_DEFINITIONS = (
					"DEBUG=1",
					"$(inherited)",
				);
				GCC_WARN_64_TO_32_BIT_CONVERSION = YES;
				GCC_WARN_ABOUT_RETURN_TYPE = YES_ERROR;
				GCC_WARN_UNDECLARED_SELECTOR = YES;
				GCC_WARN_UNINITIALIZED_AUTOS = YES_AGGRESSIVE;
				GCC_WARN_UNUSED_FUNCTION = YES;
				GCC_WARN_UNUSED_VARIABLE = YES;
				IPHONEOS_DEPLOYMENT_TARGET = 18.2;
				LOCALIZATION_PREFERS_STRING_CATALOGS = YES;
				MTL_ENABLE_DEBUG_INFO = INCLUDE_SOURCE;
				MTL_FAST_MATH = YES;
				ONLY_ACTIVE_ARCH = YES;
				SDKROOT = iphoneos;
				SWIFT_ACTIVE_COMPILATION_CONDITIONS = "DEBUG $(inherited)";
				SWIFT_OPTIMIZATION_LEVEL = "-Onone";
			};
			name = Debug;
		};
		F61AFFB62D478155005E144D /* Release */ = {
			isa = XCBuildConfiguration;
			buildSettings = {
				ALWAYS_SEARCH_USER_PATHS = NO;
				ASSETCATALOG_COMPILER_GENERATE_SWIFT_ASSET_SYMBOL_EXTENSIONS = YES;
				CLANG_ANALYZER_NONNULL = YES;
				CLANG_ANALYZER_NUMBER_OBJECT_CONVERSION = YES_AGGRESSIVE;
				CLANG_CXX_LANGUAGE_STANDARD = "gnu++20";
				CLANG_ENABLE_MODULES = YES;
				CLANG_ENABLE_OBJC_ARC = YES;
				CLANG_ENABLE_OBJC_WEAK = YES;
				CLANG_WARN_BLOCK_CAPTURE_AUTORELEASING = YES;
				CLANG_WARN_BOOL_CONVERSION = YES;
				CLANG_WARN_COMMA = YES;
				CLANG_WARN_CONSTANT_CONVERSION = YES;
				CLANG_WARN_DEPRECATED_OBJC_IMPLEMENTATIONS = YES;
				CLANG_WARN_DIRECT_OBJC_ISA_USAGE = YES_ERROR;
				CLANG_WARN_DOCUMENTATION_COMMENTS = YES;
				CLANG_WARN_EMPTY_BODY = YES;
				CLANG_WARN_ENUM_CONVERSION = YES;
				CLANG_WARN_INFINITE_RECURSION = YES;
				CLANG_WARN_INT_CONVERSION = YES;
				CLANG_WARN_NON_LITERAL_NULL_CONVERSION = YES;
				CLANG_WARN_OBJC_IMPLICIT_RETAIN_SELF = YES;
				CLANG_WARN_OBJC_LITERAL_CONVERSION = YES;
				CLANG_WARN_OBJC_ROOT_CLASS = YES_ERROR;
				CLANG_WARN_QUOTED_INCLUDE_IN_FRAMEWORK_HEADER = YES;
				CLANG_WARN_RANGE_LOOP_ANALYSIS = YES;
				CLANG_WARN_STRICT_PROTOTYPES = YES;
				CLANG_WARN_SUSPICIOUS_MOVE = YES;
				CLANG_WARN_UNGUARDED_AVAILABILITY = YES_AGGRESSIVE;
				CLANG_WARN_UNREACHABLE_CODE = YES;
				CLANG_WARN__DUPLICATE_METHOD_MATCH = YES;
				COPY_PHASE_STRIP = NO;
				DEBUG_INFORMATION_FORMAT = "dwarf-with-dsym";
				ENABLE_NS_ASSERTIONS = NO;
				ENABLE_STRICT_OBJC_MSGSEND = YES;
				ENABLE_USER_SCRIPT_SANDBOXING = YES;
				GCC_C_LANGUAGE_STANDARD = gnu17;
				GCC_NO_COMMON_BLOCKS = YES;
				GCC_WARN_64_TO_32_BIT_CONVERSION = YES;
				GCC_WARN_ABOUT_RETURN_TYPE = YES_ERROR;
				GCC_WARN_UNDECLARED_SELECTOR = YES;
				GCC_WARN_UNINITIALIZED_AUTOS = YES_AGGRESSIVE;
				GCC_WARN_UNUSED_FUNCTION = YES;
				GCC_WARN_UNUSED_VARIABLE = YES;
				IPHONEOS_DEPLOYMENT_TARGET = 18.2;
				LOCALIZATION_PREFERS_STRING_CATALOGS = YES;
				MTL_ENABLE_DEBUG_INFO = NO;
				MTL_FAST_MATH = YES;
				SDKROOT = iphoneos;
				SWIFT_COMPILATION_MODE = wholemodule;
				VALIDATE_PRODUCT = YES;
			};
			name = Release;
		};
/* End XCBuildConfiguration section */

/* Begin XCConfigurationList section */
		F61AFF9A2D478154005E144D /* Build configuration list for PBXProject "TodoList" */ = {
			isa = XCConfigurationList;
			buildConfigurations = (
				F61AFFB52D478155005E144D /* Debug */,
				F61AFFB62D478155005E144D /* Release */,
			);
			defaultConfigurationIsVisible = 0;
			defaultConfigurationName = Release;
		};
		F61AFFB22D478155005E144D /* Build configuration list for PBXNativeTarget "TodoList" */ = {
			isa = XCConfigurationList;
			buildConfigurations = (
				F61AFFB32D478155005E144D /* Debug */,
				F61AFFB42D478155005E144D /* Release */,
			);
			defaultConfigurationIsVisible = 0;
			defaultConfigurationName = Release;
		};
/* End XCConfigurationList section */
	};
	rootObject = F61AFF972D478154005E144D /* Project object */;
}
